{
  "name": "ts-specifier-bug",
  "version": "1.0.0",
  "lockfileVersion": 3,
  "requires": true,
  "packages": {
    "": {
      "name": "ts-specifier-bug",
      "version": "1.0.0",
      "license": "ISC",
      "dependencies": {
        "typescript": "5.4.0-dev.20231222"
      }
    },
    "node_modules/typescript": {
      "version": "5.4.0-dev.20231222",
      "resolved": "https://registry.npmmirror.com/typescript/-/typescript-5.4.0-dev.20231222.tgz",
      "integrity": "sha512-SK3Hak67HL8l08jLRYOFF0cXL0ODM/tvA6w2+HOOYKijxGOmpc0xWz7zvOi6RLihS9BGgBG6Hk1zD/bN4qR4Qg==",
      "bin": {
        "tsc": "bin/tsc",
        "tsserver": "bin/tsserver"
      },
      "engines": {
        "node": ">=14.17"
      }
    }
  }
}
